<?xml version="1.0" encoding="utf-8"?>
<Project ToolsVersion="4.0" xmlns="http://schemas.microsoft.com/developer/msbuild/2003">
  <ItemGroup>
    <Filter Include="소스 파일">
      <UniqueIdentifier>{4FC737F1-C7A5-4376-A066-2A32D752A2FF}</UniqueIdentifier>
      <Extensions>cpp;c;cc;cxx;def;odl;idl;hpj;bat;asm;asmx</Extensions>
    </Filter>
    <Filter Include="헤더 파일">
      <UniqueIdentifier>{93995380-89BD-4b04-88EB-625FBE52EBFB}</UniqueIdentifier>
      <Extensions>h;hh;hpp;hxx;hm;inl;inc;ipp;xsd</Extensions>
    </Filter>
    <Filter Include="헤더 파일\lua">
      <UniqueIdentifier>{aef12813-f78f-4f3c-bafe-a521b0254cb8}</UniqueIdentifier>
    </Filter>
    <Filter Include="resource">
      <UniqueIdentifier>{3d5d8901-23c1-434c-a1fb-1ddd894d6b56}</UniqueIdentifier>
    </Filter>
  </ItemGroup>
  <ItemGroup>
    <ClCompile Include="server_main.cpp">
      <Filter>소스 파일</Filter>
    </ClCompile>
    <ClCompile Include="Client.cpp">
      <Filter>소스 파일</Filter>
    </ClCompile>
    <ClCompile Include="NPC.cpp">
      <Filter>소스 파일</Filter>
    </ClCompile>
    <ClCompile Include="Timer.cpp">
      <Filter>소스 파일</Filter>
    </ClCompile>
    <ClCompile Include="DB.cpp">
      <Filter>소스 파일</Filter>
    </ClCompile>
  </ItemGroup>
  <ItemGroup>
    <ClInclude Include="Protocols.h">
      <Filter>헤더 파일</Filter>
    </ClInclude>
    <ClInclude Include="Common.h">
      <Filter>헤더 파일</Filter>
    </ClInclude>
    <ClInclude Include="Client.h">
      <Filter>소스 파일</Filter>
    </ClInclude>
    <ClInclude Include="NPC.h">
      <Filter>소스 파일</Filter>
    </ClInclude>
    <ClInclude Include="Timer.h">
      <Filter>소스 파일</Filter>
    </ClInclude>
    <ClInclude Include="DB.h">
      <Filter>소스 파일</Filter>
    </ClInclude>
    <ClInclude Include="include\lauxlib.h">
      <Filter>헤더 파일\lua</Filter>
    </ClInclude>
    <ClInclude Include="include\lua.h">
      <Filter>헤더 파일\lua</Filter>
    </ClInclude>
    <ClInclude Include="include\lua.hpp">
      <Filter>헤더 파일\lua</Filter>
    </ClInclude>
    <ClInclude Include="include\luaconf.h">
      <Filter>헤더 파일\lua</Filter>
    </ClInclude>
    <ClInclude Include="include\lualib.h">
      <Filter>헤더 파일\lua</Filter>
    </ClInclude>
    <ClInclude Include="lua_API.h">
      <Filter>소스 파일</Filter>
    </ClInclude>
  </ItemGroup>
  <ItemGroup>
    <Library Include="lua53.lib">
      <Filter>resource</Filter>
    </Library>
  </ItemGroup>
  <ItemGroup>
    <None Include="npc_ai.lua">
      <Filter>resource</Filter>
    </None>
    <None Include="monster.lua">
      <Filter>resource</Filter>
    </None>
  </ItemGroup>
</Project>