
Microsoft Visual Studio Solution File, Format Version 12.00
# Visual Studio 15
VisualStudioVersion = 15.0.28307.705
MinimumVisualStudioVersion = 10.0.40219.1
Project("{8BC9CEB8-8B4A-11D0-8D11-00A0C91BC942}") = "2019_TT_ASIO_Server", "2019_TT_ASIO_Server\2019_TT_ASIO_Server.vcxproj", "{6260904F-4E78-463E-9298-22129C434F8F}"
EndProject
Global
	GlobalSection(SolutionConfigurationPlatforms) = preSolution
		Debug|x64 = Debug|x64
		Debug|x86 = Debug|x86
		Release|x64 = Release|x64
		Release|x86 = Release|x86
	EndGlobalSection
	GlobalSection(ProjectConfigurationPlatforms) = postSolution
		{6260904F-4E78-463E-9298-22129C434F8F}.Debug|x64.ActiveCfg = Debug|x64
		{6260904F-4E78-463E-9298-22129C434F8F}.Debug|x64.Build.0 = Debug|x64
		{6260904F-4E78-463E-9298-22129C434F8F}.Debug|x86.ActiveCfg = Debug|Win32
		{6260904F-4E78-463E-9298-22129C434F8F}.Debug|x86.Build.0 = Debug|Win32
		{6260904F-4E78-463E-9298-22129C434F8F}.Release|x64.ActiveCfg = Release|x64
		{6260904F-4E78-463E-9298-22129C434F8F}.Release|x64.Build.0 = Release|x64
		{6260904F-4E78-463E-9298-22129C434F8F}.Release|x86.ActiveCfg = Release|Win32
		{6260904F-4E78-463E-9298-22129C434F8F}.Release|x86.Build.0 = Release|Win32
	EndGlobalSection
	GlobalSection(SolutionProperties) = preSolution
		HideSolutionNode = FALSE
	EndGlobalSection
	GlobalSection(ExtensibilityGlobals) = postSolution
		SolutionGuid = {8C22BA2C-C1D6-41D1-8950-80DE1D4BF9C8}
	EndGlobalSection
EndGlobal
